// !$*UTF8*$!
{
	archiveVersion = 1;
	classes = {
	};
	objectVersion = 51;
	objects = {

/* Begin PBXBuildFile section */
		237AACD923B60BF900DDB949 /* AppDelegate.m in Sources */ = {isa = PBXBuildFile; fileRef = 237AACD823B60BF900DDB949 /* AppDelegate.m */; };
		237AACDF23B60BF900DDB949 /* ViewController.m in Sources */ = {isa = PBXBuildFile; fileRef = 237AACDE23B60BF900DDB949 /* ViewController.m */; };
		237AACE223B60BF900DDB949 /* Main.storyboard in Resources */ = {isa = PBXBuildFile; fileRef = 237AACE023B60BF900DDB949 /* Main.storyboard */; };
		237AACE423B60BFB00DDB949 /* Assets.xcassets in Resources */ = {isa = PBXBuildFile; fileRef = 237AACE323B60BFB00DDB949 /* Assets.xcassets */; };
		237AACE723B60BFB00DDB949 /* LaunchScreen.storyboard in Resources */ = {isa = PBXBuildFile; fileRef = 237AACE523B60BFB00DDB949 /* LaunchScreen.storyboard */; };
		237AACEA23B60BFB00DDB949 /* main.m in Sources */ = {isa = PBXBuildFile; fileRef = 237AACE923B60BFB00DDB949 /* main.m */; };
		237AACF423B60BFC00DDB949 /* ScrollableTabTests.m in Sources */ = {isa = PBXBuildFile; fileRef = 237AACF323B60BFC00DDB949 /* ScrollableTabTests.m */; };
		237AACFF23B60BFC00DDB949 /* ScrollableTabUITests.m in Sources */ = {isa = PBXBuildFile; fileRef = 237AACFE23B60BFC00DDB949 /* ScrollableTabUITests.m */; };
		E298510806B31415604E46C0 /* Pods_ScrollableTabTests.framework in Frameworks */ = {isa = PBXBuildFile; fileRef = B8FD827807411FCB1C36849A /* Pods_ScrollableTabTests.framework */; };
		F08AA6A17009D8F1C75BB226 /* Pods_ScrollableTab_ScrollableTabUITests.framework in Frameworks */ = {isa = PBXBuildFile; fileRef = 86E35718163E986A068FBB41 /* Pods_ScrollableTab_ScrollableTabUITests.framework */; };
		F69D3CABC596882A904070EF /* Pods_ScrollableTab.framework in Frameworks */ = {isa = PBXBuildFile; fileRef = 051D30E72A64189D49F44A1E /* Pods_ScrollableTab.framework */; };
/* End PBXBuildFile section */

/* Begin PBXContainerItemProxy section */
		237AACF023B60BFC00DDB949 /* PBXContainerItemProxy */ = {
			isa = PBXContainerItemProxy;
			containerPortal = 237AACCC23B60BF900DDB949 /* Project object */;
			proxyType = 1;
			remoteGlobalIDString = 237AACD323B60BF900DDB949;
			remoteInfo = ScrollableTab;
		};
		237AACFB23B60BFC00DDB949 /* PBXContainerItemProxy */ = {
			isa = PBXContainerItemProxy;
			containerPortal = 237AACCC23B60BF900DDB949 /* Project object */;
			proxyType = 1;
			remoteGlobalIDString = 237AACD323B60BF900DDB949;
			remoteInfo = ScrollableTab;
		};
/* End PBXContainerItemProxy section */

/* Begin PBXFileReference section */
		050CD9A5EEF427F803FAD375 /* Pods-ScrollableTabTests.debug.xcconfig */ = {isa = PBXFileReference; includeInIndex = 1; lastKnownFileType = text.xcconfig; name = "Pods-ScrollableTabTests.debug.xcconfig"; path = "Target Support Files/Pods-ScrollableTabTests/Pods-ScrollableTabTests.debug.xcconfig"; sourceTree = "<group>"; };
		051D30E72A64189D49F44A1E /* Pods_ScrollableTab.framework */ = {isa = PBXFileReference; explicitFileType = wrapper.framework; includeInIndex = 0; path = Pods_ScrollableTab.framework; sourceTree = BUILT_PRODUCTS_DIR; };
		237AACD423B60BF900DDB949 /* ScrollableTab.app */ = {isa = PBXFileReference; explicitFileType = wrapper.application; includeInIndex = 0; path = ScrollableTab.app; sourceTree = BUILT_PRODUCTS_DIR; };
		237AACD723B60BF900DDB949 /* AppDelegate.h */ = {isa = PBXFileReference; lastKnownFileType = sourcecode.c.h; path = AppDelegate.h; sourceTree = "<group>"; };
		237AACD823B60BF900DDB949 /* AppDelegate.m */ = {isa = PBXFileReference; lastKnownFileType = sourcecode.c.objc; path = AppDelegate.m; sourceTree = "<group>"; };
		237AACDD23B60BF900DDB949 /* ViewController.h */ = {isa = PBXFileReference; lastKnownFileType = sourcecode.c.h; path = ViewController.h; sourceTree = "<group>"; };
		237AACDE23B60BF900DDB949 /* ViewController.m */ = {isa = PBXFileReference; lastKnownFileType = sourcecode.c.objc; path = ViewController.m; sourceTree = "<group>"; };
		237AACE123B60BF900DDB949 /* Base */ = {isa = PBXFileReference; lastKnownFileType = file.storyboard; name = Base; path = Base.lproj/Main.storyboard; sourceTree = "<group>"; };
		237AACE323B60BFB00DDB949 /* Assets.xcassets */ = {isa = PBXFileReference; lastKnownFileType = folder.assetcatalog; path = Assets.xcassets; sourceTree = "<group>"; };
		237AACE623B60BFB00DDB949 /* Base */ = {isa = PBXFileReference; lastKnownFileType = file.storyboard; name = Base; path = Base.lproj/LaunchScreen.storyboard; sourceTree = "<group>"; };
		237AACE823B60BFB00DDB949 /* Info.plist */ = {isa = PBXFileReference; lastKnownFileType = text.plist.xml; path = Info.plist; sourceTree = "<group>"; };
		237AACE923B60BFB00DDB949 /* main.m */ = {isa = PBXFileReference; lastKnownFileType = sourcecode.c.objc; path = main.m; sourceTree = "<group>"; };
		237AACEF23B60BFC00DDB949 /* ScrollableTabTests.xctest */ = {isa = PBXFileReference; explicitFileType = wrapper.cfbundle; includeInIndex = 0; path = ScrollableTabTests.xctest; sourceTree = BUILT_PRODUCTS_DIR; };
		237AACF323B60BFC00DDB949 /* ScrollableTabTests.m */ = {isa = PBXFileReference; lastKnownFileType = sourcecode.c.objc; path = ScrollableTabTests.m; sourceTree = "<group>"; };
		237AACF523B60BFC00DDB949 /* Info.plist */ = {isa = PBXFileReference; lastKnownFileType = text.plist.xml; path = Info.plist; sourceTree = "<group>"; };
		237AACFA23B60BFC00DDB949 /* ScrollableTabUITests.xctest */ = {isa = PBXFileReference; explicitFileType = wrapper.cfbundle; includeInIndex = 0; path = ScrollableTabUITests.xctest; sourceTree = BUILT_PRODUCTS_DIR; };
		237AACFE23B60BFC00DDB949 /* ScrollableTabUITests.m */ = {isa = PBXFileReference; lastKnownFileType = sourcecode.c.objc; path = ScrollableTabUITests.m; sourceTree = "<group>"; };
		237AAD0023B60BFC00DDB949 /* Info.plist */ = {isa = PBXFileReference; lastKnownFileType = text.plist.xml; path = Info.plist; sourceTree = "<group>"; };
		60DD3995B317964C199CCE60 /* Pods-ScrollableTab.release.xcconfig */ = {isa = PBXFileReference; includeInIndex = 1; lastKnownFileType = text.xcconfig; name = "Pods-ScrollableTab.release.xcconfig"; path = "Target Support Files/Pods-ScrollableTab/Pods-ScrollableTab.release.xcconfig"; sourceTree = "<group>"; };
		86E35718163E986A068FBB41 /* Pods_ScrollableTab_ScrollableTabUITests.framework */ = {isa = PBXFileReference; explicitFileType = wrapper.framework; includeInIndex = 0; path = Pods_ScrollableTab_ScrollableTabUITests.framework; sourceTree = BUILT_PRODUCTS_DIR; };
		95CE78107F87A2D26B349B37 /* Pods-ScrollableTab-ScrollableTabUITests.release.xcconfig */ = {isa = PBXFileReference; includeInIndex = 1; lastKnownFileType = text.xcconfig; name = "Pods-ScrollableTab-ScrollableTabUITests.release.xcconfig"; path = "Target Support Files/Pods-ScrollableTab-ScrollableTabUITests/Pods-ScrollableTab-ScrollableTabUITests.release.xcconfig"; sourceTree = "<group>"; };
		B8FD827807411FCB1C36849A /* Pods_ScrollableTabTests.framework */ = {isa = PBXFileReference; explicitFileType = wrapper.framework; includeInIndex = 0; path = Pods_ScrollableTabTests.framework; sourceTree = BUILT_PRODUCTS_DIR; };
		C7B5BA376CDA61808BF2911E /* Pods-ScrollableTab.debug.xcconfig */ = {isa = PBXFileReference; includeInIndex = 1; lastKnownFileType = text.xcconfig; name = "Pods-ScrollableTab.debug.xcconfig"; path = "Target Support Files/Pods-ScrollableTab/Pods-ScrollableTab.debug.xcconfig"; sourceTree = "<group>"; };
		DA020A2475C21BBAABE6D778 /* Pods-ScrollableTabTests.release.xcconfig */ = {isa = PBXFileReference; includeInIndex = 1; lastKnownFileType = text.xcconfig; name = "Pods-ScrollableTabTests.release.xcconfig"; path = "Target Support Files/Pods-ScrollableTabTests/Pods-ScrollableTabTests.release.xcconfig"; sourceTree = "<group>"; };
		DC4C3E34FE3A948A474E68DD /* Pods-ScrollableTab-ScrollableTabUITests.debug.xcconfig */ = {isa = PBXFileReference; includeInIndex = 1; lastKnownFileType = text.xcconfig; name = "Pods-ScrollableTab-ScrollableTabUITests.debug.xcconfig"; path = "Target Support Files/Pods-ScrollableTab-ScrollableTabUITests/Pods-ScrollableTab-ScrollableTabUITests.debug.xcconfig"; sourceTree = "<group>"; };
/* End PBXFileReference section */

/* Begin PBXFrameworksBuildPhase section */
		237AACD123B60BF900DDB949 /* Frameworks */ = {
			isa = PBXFrameworksBuildPhase;
			buildActionMask = 2147483647;
			files = (
				F69D3CABC596882A904070EF /* Pods_ScrollableTab.framework in Frameworks */,
			);
			runOnlyForDeploymentPostprocessing = 0;
		};
		237AACEC23B60BFC00DDB949 /* Frameworks */ = {
			isa = PBXFrameworksBuildPhase;
			buildActionMask = 2147483647;
			files = (
				E298510806B31415604E46C0 /* Pods_ScrollableTabTests.framework in Frameworks */,
			);
			runOnlyForDeploymentPostprocessing = 0;
		};
		237AACF723B60BFC00DDB949 /* Frameworks */ = {
			isa = PBXFrameworksBuildPhase;
			buildActionMask = 2147483647;
			files = (
				F08AA6A17009D8F1C75BB226 /* Pods_ScrollableTab_ScrollableTabUITests.framework in Frameworks */,
			);
			runOnlyForDeploymentPostprocessing = 0;
		};
/* End PBXFrameworksBuildPhase section */

/* Begin PBXGroup section */
		237AACCB23B60BF900DDB949 = {
			isa = PBXGroup;
			children = (
				237AACD623B60BF900DDB949 /* ScrollableTab */,
				237AACF223B60BFC00DDB949 /* ScrollableTabTests */,
				237AACFD23B60BFC00DDB949 /* ScrollableTabUITests */,
				237AACD523B60BF900DDB949 /* Products */,
				E0FD286F6661BEDE1387F35A /* Pods */,
				29E35D71C1F65E56DF0E545A /* Frameworks */,
			);
			sourceTree = "<group>";
		};
		237AACD523B60BF900DDB949 /* Products */ = {
			isa = PBXGroup;
			children = (
				237AACD423B60BF900DDB949 /* ScrollableTab.app */,
				237AACEF23B60BFC00DDB949 /* ScrollableTabTests.xctest */,
				237AACFA23B60BFC00DDB949 /* ScrollableTabUITests.xctest */,
			);
			name = Products;
			sourceTree = "<group>";
		};
		237AACD623B60BF900DDB949 /* ScrollableTab */ = {
			isa = PBXGroup;
			children = (
				237AACD723B60BF900DDB949 /* AppDelegate.h */,
				237AACD823B60BF900DDB949 /* AppDelegate.m */,
				237AACDD23B60BF900DDB949 /* ViewController.h */,
				237AACDE23B60BF900DDB949 /* ViewController.m */,
				237AACE023B60BF900DDB949 /* Main.storyboard */,
				237AACE323B60BFB00DDB949 /* Assets.xcassets */,
				237AACE523B60BFB00DDB949 /* LaunchScreen.storyboard */,
				237AACE823B60BFB00DDB949 /* Info.plist */,
				237AACE923B60BFB00DDB949 /* main.m */,
			);
			path = ScrollableTab;
			sourceTree = "<group>";
		};
		237AACF223B60BFC00DDB949 /* ScrollableTabTests */ = {
			isa = PBXGroup;
			children = (
				237AACF323B60BFC00DDB949 /* ScrollableTabTests.m */,
				237AACF523B60BFC00DDB949 /* Info.plist */,
			);
			path = ScrollableTabTests;
			sourceTree = "<group>";
		};
		237AACFD23B60BFC00DDB949 /* ScrollableTabUITests */ = {
			isa = PBXGroup;
			children = (
				237AACFE23B60BFC00DDB949 /* ScrollableTabUITests.m */,
				237AAD0023B60BFC00DDB949 /* Info.plist */,
			);
			path = ScrollableTabUITests;
			sourceTree = "<group>";
		};
		29E35D71C1F65E56DF0E545A /* Frameworks */ = {
			isa = PBXGroup;
			children = (
				051D30E72A64189D49F44A1E /* Pods_ScrollableTab.framework */,
				86E35718163E986A068FBB41 /* Pods_ScrollableTab_ScrollableTabUITests.framework */,
				B8FD827807411FCB1C36849A /* Pods_ScrollableTabTests.framework */,
			);
			name = Frameworks;
			sourceTree = "<group>";
		};
		E0FD286F6661BEDE1387F35A /* Pods */ = {
			isa = PBXGroup;
			children = (
				C7B5BA376CDA61808BF2911E /* Pods-ScrollableTab.debug.xcconfig */,
				60DD3995B317964C199CCE60 /* Pods-ScrollableTab.release.xcconfig */,
				DC4C3E34FE3A948A474E68DD /* Pods-ScrollableTab-ScrollableTabUITests.debug.xcconfig */,
				95CE78107F87A2D26B349B37 /* Pods-ScrollableTab-ScrollableTabUITests.release.xcconfig */,
				050CD9A5EEF427F803FAD375 /* Pods-ScrollableTabTests.debug.xcconfig */,
				DA020A2475C21BBAABE6D778 /* Pods-ScrollableTabTests.release.xcconfig */,
			);
			path = Pods;
			sourceTree = "<group>";
		};
/* End PBXGroup section */

/* Begin PBXNativeTarget section */
		237AACD323B60BF900DDB949 /* ScrollableTab */ = {
			isa = PBXNativeTarget;
			buildConfigurationList = 237AAD0323B60BFC00DDB949 /* Build configuration list for PBXNativeTarget "ScrollableTab" */;
			buildPhases = (
				7C58716198DDB20685796DBD /* [CP] Check Pods Manifest.lock */,
				237AACD023B60BF900DDB949 /* Sources */,
				237AACD123B60BF900DDB949 /* Frameworks */,
				237AACD223B60BF900DDB949 /* Resources */,
				A387C8874FF02E89DE6EF67A /* [CP] Embed Pods Frameworks */,
			);
			buildRules = (
			);
			dependencies = (
			);
			name = ScrollableTab;
			productName = ScrollableTab;
			productReference = 237AACD423B60BF900DDB949 /* ScrollableTab.app */;
			productType = "com.apple.product-type.application";
		};
		237AACEE23B60BFC00DDB949 /* ScrollableTabTests */ = {
			isa = PBXNativeTarget;
			buildConfigurationList = 237AAD0623B60BFC00DDB949 /* Build configuration list for PBXNativeTarget "ScrollableTabTests" */;
			buildPhases = (
				5A52CC4CB073638F9893EA64 /* [CP] Check Pods Manifest.lock */,
				237AACEB23B60BFC00DDB949 /* Sources */,
				237AACEC23B60BFC00DDB949 /* Frameworks */,
				237AACED23B60BFC00DDB949 /* Resources */,
			);
			buildRules = (
			);
			dependencies = (
				237AACF123B60BFC00DDB949 /* PBXTargetDependency */,
			);
			name = ScrollableTabTests;
			productName = ScrollableTabTests;
			productReference = 237AACEF23B60BFC00DDB949 /* ScrollableTabTests.xctest */;
			productType = "com.apple.product-type.bundle.unit-test";
		};
		237AACF923B60BFC00DDB949 /* ScrollableTabUITests */ = {
			isa = PBXNativeTarget;
			buildConfigurationList = 237AAD0923B60BFC00DDB949 /* Build configuration list for PBXNativeTarget "ScrollableTabUITests" */;
			buildPhases = (
				BB2CA5967EE292B89C28F9E8 /* [CP] Check Pods Manifest.lock */,
				237AACF623B60BFC00DDB949 /* Sources */,
				237AACF723B60BFC00DDB949 /* Frameworks */,
				237AACF823B60BFC00DDB949 /* Resources */,
				F35D1183C1E0295A8C9277FF /* [CP] Embed Pods Frameworks */,
			);
			buildRules = (
			);
			dependencies = (
				237AACFC23B60BFC00DDB949 /* PBXTargetDependency */,
			);
			name = ScrollableTabUITests;
			productName = ScrollableTabUITests;
			productReference = 237AACFA23B60BFC00DDB949 /* ScrollableTabUITests.xctest */;
			productType = "com.apple.product-type.bundle.ui-testing";
		};
/* End PBXNativeTarget section */

/* Begin PBXProject section */
		237AACCC23B60BF900DDB949 /* Project object */ = {
			isa = PBXProject;
			attributes = {
				LastUpgradeCheck = 1100;
				ORGANIZATIONNAME = "Naw Su Su Nyein";
				TargetAttributes = {
					237AACD323B60BF900DDB949 = {
						CreatedOnToolsVersion = 11.0;
					};
					237AACEE23B60BFC00DDB949 = {
						CreatedOnToolsVersion = 11.0;
						TestTargetID = 237AACD323B60BF900DDB949;
					};
					237AACF923B60BFC00DDB949 = {
						CreatedOnToolsVersion = 11.0;
						TestTargetID = 237AACD323B60BF900DDB949;
					};
				};
			};
			buildConfigurationList = 237AACCF23B60BF900DDB949 /* Build configuration list for PBXProject "ScrollableTab" */;
			compatibilityVersion = "Xcode 9.3";
			developmentRegion = en;
			hasScannedForEncodings = 0;
			knownRegions = (
				en,
				Base,
			);
			mainGroup = 237AACCB23B60BF900DDB949;
			productRefGroup = 237AACD523B60BF900DDB949 /* Products */;
			projectDirPath = "";
			projectRoot = "";
			targets = (
				237AACD323B60BF900DDB949 /* ScrollableTab */,
				237AACEE23B60BFC00DDB949 /* ScrollableTabTests */,
				237AACF923B60BFC00DDB949 /* ScrollableTabUITests */,
			);
		};
/* End PBXProject section */

/* Begin PBXResourcesBuildPhase section */
		237AACD223B60BF900DDB949 /* Resources */ = {
			isa = PBXResourcesBuildPhase;
			buildActionMask = 2147483647;
			files = (
				237AACE723B60BFB00DDB949 /* LaunchScreen.storyboard in Resources */,
				237AACE423B60BFB00DDB949 /* Assets.xcassets in Resources */,
				237AACE223B60BF900DDB949 /* Main.storyboard in Resources */,
			);
			runOnlyForDeploymentPostprocessing = 0;
		};
		237AACED23B60BFC00DDB949 /* Resources */ = {
			isa = PBXResourcesBuildPhase;
			buildActionMask = 2147483647;
			files = (
			);
			runOnlyForDeploymentPostprocessing = 0;
		};
		237AACF823B60BFC00DDB949 /* Resources */ = {
			isa = PBXResourcesBuildPhase;
			buildActionMask = 2147483647;
			files = (
			);
			runOnlyForDeploymentPostprocessing = 0;
		};
/* End PBXResourcesBuildPhase section */

/* Begin PBXShellScriptBuildPhase section */
		5A52CC4CB073638F9893EA64 /* [CP] Check Pods Manifest.lock */ = {
			isa = PBXShellScriptBuildPhase;
			buildActionMask = 2147483647;
			files = (
			);
			inputFileListPaths = (
			);
			inputPaths = (
				"${PODS_PODFILE_DIR_PATH}/Podfile.lock",
				"${PODS_ROOT}/Manifest.lock",
			);
			name = "[CP] Check Pods Manifest.lock";
			outputFileListPaths = (
			);
			outputPaths = (
				"$(DERIVED_FILE_DIR)/Pods-ScrollableTabTests-checkManifestLockResult.txt",
			);
			runOnlyForDeploymentPostprocessing = 0;
			shellPath = /bin/sh;
			shellScript = "diff \"${PODS_PODFILE_DIR_PATH}/Podfile.lock\" \"${PODS_ROOT}/Manifest.lock\" > /dev/null\nif [ $? != 0 ] ; then\n    # print error to STDERR\n    echo \"error: The sandbox is not in sync with the Podfile.lock. Run 'pod install' or update your CocoaPods installation.\" >&2\n    exit 1\nfi\n# This output is used by Xcode 'outputs' to avoid re-running this script phase.\necho \"SUCCESS\" > \"${SCRIPT_OUTPUT_FILE_0}\"\n";
			showEnvVarsInLog = 0;
		};
		7C58716198DDB20685796DBD /* [CP] Check Pods Manifest.lock */ = {
			isa = PBXShellScriptBuildPhase;
			buildActionMask = 2147483647;
			files = (
			);
			inputFileListPaths = (
			);
			inputPaths = (
				"${PODS_PODFILE_DIR_PATH}/Podfile.lock",
				"${PODS_ROOT}/Manifest.lock",
			);
			name = "[CP] Check Pods Manifest.lock";
			outputFileListPaths = (
			);
			outputPaths = (
				"$(DERIVED_FILE_DIR)/Pods-ScrollableTab-checkManifestLockResult.txt",
			);
			runOnlyForDeploymentPostprocessing = 0;
			shellPath = /bin/sh;
			shellScript = "diff \"${PODS_PODFILE_DIR_PATH}/Podfile.lock\" \"${PODS_ROOT}/Manifest.lock\" > /dev/null\nif [ $? != 0 ] ; then\n    # print error to STDERR\n    echo \"error: The sandbox is not in sync with the Podfile.lock. Run 'pod install' or update your CocoaPods installation.\" >&2\n    exit 1\nfi\n# This output is used by Xcode 'outputs' to avoid re-running this script phase.\necho \"SUCCESS\" > \"${SCRIPT_OUTPUT_FILE_0}\"\n";
			showEnvVarsInLog = 0;
		};
		A387C8874FF02E89DE6EF67A /* [CP] Embed Pods Frameworks */ = {
			isa = PBXShellScriptBuildPhase;
			buildActionMask = 2147483647;
			files = (
			);
			inputFileListPaths = (
				"${PODS_ROOT}/Target Support Files/Pods-ScrollableTab/Pods-ScrollableTab-frameworks-${CONFIGURATION}-input-files.xcfilelist",
			);
			name = "[CP] Embed Pods Frameworks";
			outputFileListPaths = (
				"${PODS_ROOT}/Target Support Files/Pods-ScrollableTab/Pods-ScrollableTab-frameworks-${CONFIGURATION}-output-files.xcfilelist",
			);
			runOnlyForDeploymentPostprocessing = 0;
			shellPath = /bin/sh;
			shellScript = "\"${PODS_ROOT}/Target Support Files/Pods-ScrollableTab/Pods-ScrollableTab-frameworks.sh\"\n";
			showEnvVarsInLog = 0;
		};
		BB2CA5967EE292B89C28F9E8 /* [CP] Check Pods Manifest.lock */ = {
			isa = PBXShellScriptBuildPhase;
			buildActionMask = 2147483647;
			files = (
			);
			inputFileListPaths = (
			);
			inputPaths = (
				"${PODS_PODFILE_DIR_PATH}/Podfile.lock",
				"${PODS_ROOT}/Manifest.lock",
			);
			name = "[CP] Check Pods Manifest.lock";
			outputFileListPaths = (
			);
			outputPaths = (
				"$(DERIVED_FILE_DIR)/Pods-ScrollableTab-ScrollableTabUITests-checkManifestLockResult.txt",
			);
			runOnlyForDeploymentPostprocessing = 0;
			shellPath = /bin/sh;
			shellScript = "diff \"${PODS_PODFILE_DIR_PATH}/Podfile.lock\" \"${PODS_ROOT}/Manifest.lock\" > /dev/null\nif [ $? != 0 ] ; then\n    # print error to STDERR\n    echo \"error: The sandbox is not in sync with the Podfile.lock. Run 'pod install' or update your CocoaPods installation.\" >&2\n    exit 1\nfi\n# This output is used by Xcode 'outputs' to avoid re-running this script phase.\necho \"SUCCESS\" > \"${SCRIPT_OUTPUT_FILE_0}\"\n";
			showEnvVarsInLog = 0;
		};
		F35D1183C1E0295A8C9277FF /* [CP] Embed Pods Frameworks */ = {
			isa = PBXShellScriptBuildPhase;
			buildActionMask = 2147483647;
			files = (
			);
			inputFileListPaths = (
				"${PODS_ROOT}/Target Support Files/Pods-ScrollableTab-ScrollableTabUITests/Pods-ScrollableTab-ScrollableTabUITests-frameworks-${CONFIGURATION}-input-files.xcfilelist",
			);
			name = "[CP] Embed Pods Frameworks";
			outputFileListPaths = (
				"${PODS_ROOT}/Target Support Files/Pods-ScrollableTab-ScrollableTabUITests/Pods-ScrollableTab-ScrollableTabUITests-frameworks-${CONFIGURATION}-output-files.xcfilelist",
			);
			runOnlyForDeploymentPostprocessing = 0;
			shellPath = /bin/sh;
			shellScript = "\"${PODS_ROOT}/Target Support Files/Pods-ScrollableTab-ScrollableTabUITests/Pods-ScrollableTab-ScrollableTabUITests-frameworks.sh\"\n";
			showEnvVarsInLog = 0;
		};
/* End PBXShellScriptBuildPhase section */

/* Begin PBXSourcesBuildPhase section */
		237AACD023B60BF900DDB949 /* Sources */ = {
			isa = PBXSourcesBuildPhase;
			buildActionMask = 2147483647;
			files = (
				237AACDF23B60BF900DDB949 /* ViewController.m in Sources */,
				237AACD923B60BF900DDB949 /* AppDelegate.m in Sources */,
				237AACEA23B60BFB00DDB949 /* main.m in Sources */,
			);
			runOnlyForDeploymentPostprocessing = 0;
		};
		237AACEB23B60BFC00DDB949 /* Sources */ = {
			isa = PBXSourcesBuildPhase;
			buildActionMask = 2147483647;
			files = (
				237AACF423B60BFC00DDB949 /* ScrollableTabTests.m in Sources */,
			);
			runOnlyForDeploymentPostprocessing = 0;
		};
		237AACF623B60BFC00DDB949 /* Sources */ = {
			isa = PBXSourcesBuildPhase;
			buildActionMask = 2147483647;
			files = (
				237AACFF23B60BFC00DDB949 /* ScrollableTabUITests.m in Sources */,
			);
			runOnlyForDeploymentPostprocessing = 0;
		};
/* End PBXSourcesBuildPhase section */

/* Begin PBXTargetDependency section */
		237AACF123B60BFC00DDB949 /* PBXTargetDependency */ = {
			isa = PBXTargetDependency;
			target = 237AACD323B60BF900DDB949 /* ScrollableTab */;
			targetProxy = 237AACF023B60BFC00DDB949 /* PBXContainerItemProxy */;
		};
		237AACFC23B60BFC00DDB949 /* PBXTargetDependency */ = {
			isa = PBXTargetDependency;
			target = 237AACD323B60BF900DDB949 /* ScrollableTab */;
			targetProxy = 237AACFB23B60BFC00DDB949 /* PBXContainerItemProxy */;
		};
/* End PBXTargetDependency section */

/* Begin PBXVariantGroup section */
		237AACE023B60BF900DDB949 /* Main.storyboard */ = {
			isa = PBXVariantGroup;
			children = (
				237AACE123B60BF900DDB949 /* Base */,
			);
			name = Main.storyboard;
			sourceTree = "<group>";
		};
		237AACE523B60BFB00DDB949 /* LaunchScreen.storyboard */ = {
			isa = PBXVariantGroup;
			children = (
				237AACE623B60BFB00DDB949 /* Base */,
			);
			name = LaunchScreen.storyboard;
			sourceTree = "<group>";
		};
/* End PBXVariantGroup section */

/* Begin XCBuildConfiguration section */
		237AAD0123B60BFC00DDB949 /* Debug */ = {
			isa = XCBuildConfiguration;
			buildSettings = {
				ALWAYS_SEARCH_USER_PATHS = NO;
				CLANG_ANALYZER_NONNULL = YES;
				CLANG_ANALYZER_NUMBER_OBJECT_CONVERSION = YES_AGGRESSIVE;
				CLANG_CXX_LANGUAGE_STANDARD = "gnu++14";
				CLANG_CXX_LIBRARY = "libc++";
				CLANG_ENABLE_MODULES = YES;
				CLANG_ENABLE_OBJC_ARC = YES;
				CLANG_ENABLE_OBJC_WEAK = YES;
				CLANG_WARN_BLOCK_CAPTURE_AUTORELEASING = YES;
				CLANG_WARN_BOOL_CONVERSION = YES;
				CLANG_WARN_COMMA = YES;
				CLANG_WARN_CONSTANT_CONVERSION = YES;
				CLANG_WARN_DEPRECATED_OBJC_IMPLEMENTATIONS = YES;
				CLANG_WARN_DIRECT_OBJC_ISA_USAGE = YES_ERROR;
				CLANG_WARN_DOCUMENTATION_COMMENTS = YES;
				CLANG_WARN_EMPTY_BODY = YES;
				CLANG_WARN_ENUM_CONVERSION = YES;
				CLANG_WARN_INFINITE_RECURSION = YES;
				CLANG_WARN_INT_CONVERSION = YES;
				CLANG_WARN_NON_LITERAL_NULL_CONVERSION = YES;
				CLANG_WARN_OBJC_IMPLICIT_RETAIN_SELF = YES;
				CLANG_WARN_OBJC_LITERAL_CONVERSION = YES;
				CLANG_WARN_OBJC_ROOT_CLASS = YES_ERROR;
				CLANG_WARN_RANGE_LOOP_ANALYSIS = YES;
				CLANG_WARN_STRICT_PROTOTYPES = YES;
				CLANG_WARN_SUSPICIOUS_MOVE = YES;
				CLANG_WARN_UNGUARDED_AVAILABILITY = YES_AGGRESSIVE;
				CLANG_WARN_UNREACHABLE_CODE = YES;
				CLANG_WARN__DUPLICATE_METHOD_MATCH = YES;
				COPY_PHASE_STRIP = NO;
				DEBUG_INFORMATION_FORMAT = dwarf;
				ENABLE_STRICT_OBJC_MSGSEND = YES;
				ENABLE_TESTABILITY = YES;
				GCC_C_LANGUAGE_STANDARD = gnu11;
				GCC_DYNAMIC_NO_PIC = NO;
				GCC_NO_COMMON_BLOCKS = YES;
				GCC_OPTIMIZATION_LEVEL = 0;
				GCC_PREPROCESSOR_DEFINITIONS = (
					"DEBUG=1",
					"$(inherited)",
				);
				GCC_WARN_64_TO_32_BIT_CONVERSION = YES;
				GCC_WARN_ABOUT_RETURN_TYPE = YES_ERROR;
				GCC_WARN_UNDECLARED_SELECTOR = YES;
				GCC_WARN_UNINITIALIZED_AUTOS = YES_AGGRESSIVE;
				GCC_WARN_UNUSED_FUNCTION = YES;
				GCC_WARN_UNUSED_VARIABLE = YES;
				IPHONEOS_DEPLOYMENT_TARGET = 13.0;
				MTL_ENABLE_DEBUG_INFO = INCLUDE_SOURCE;
				MTL_FAST_MATH = YES;
				ONLY_ACTIVE_ARCH = YES;
				SDKROOT = iphoneos;
			};
			name = Debug;
		};
		237AAD0223B60BFC00DDB949 /* Release */ = {
			isa = XCBuildConfiguration;
			buildSettings = {
				ALWAYS_SEARCH_USER_PATHS = NO;
				CLANG_ANALYZER_NONNULL = YES;
				CLANG_ANALYZER_NUMBER_OBJECT_CONVERSION = YES_AGGRESSIVE;
				CLANG_CXX_LANGUAGE_STANDARD = "gnu++14";
				CLANG_CXX_LIBRARY = "libc++";
				CLANG_ENABLE_MODULES = YES;
				CLANG_ENABLE_OBJC_ARC = YES;
				CLANG_ENABLE_OBJC_WEAK = YES;
				CLANG_WARN_BLOCK_CAPTURE_AUTORELEASING = YES;
				CLANG_WARN_BOOL_CONVERSION = YES;
				CLANG_WARN_COMMA = YES;
				CLANG_WARN_CONSTANT_CONVERSION = YES;
				CLANG_WARN_DEPRECATED_OBJC_IMPLEMENTATIONS = YES;
				CLANG_WARN_DIRECT_OBJC_ISA_USAGE = YES_ERROR;
				CLANG_WARN_DOCUMENTATION_COMMENTS = YES;
				CLANG_WARN_EMPTY_BODY = YES;
				CLANG_WARN_ENUM_CONVERSION = YES;
				CLANG_WARN_INFINITE_RECURSION = YES;
				CLANG_WARN_INT_CONVERSION = YES;
				CLANG_WARN_NON_LITERAL_NULL_CONVERSION = YES;
				CLANG_WARN_OBJC_IMPLICIT_RETAIN_SELF = YES;
				CLANG_WARN_OBJC_LITERAL_CONVERSION = YES;
				CLANG_WARN_OBJC_ROOT_CLASS = YES_ERROR;
				CLANG_WARN_RANGE_LOOP_ANALYSIS = YES;
				CLANG_WARN_STRICT_PROTOTYPES = YES;
				CLANG_WARN_SUSPICIOUS_MOVE = YES;
				CLANG_WARN_UNGUARDED_AVAILABILITY = YES_AGGRESSIVE;
				CLANG_WARN_UNREACHABLE_CODE = YES;
				CLANG_WARN__DUPLICATE_METHOD_MATCH = YES;
				COPY_PHASE_STRIP = NO;
				DEBUG_INFORMATION_FORMAT = "dwarf-with-dsym";
				ENABLE_NS_ASSERTIONS = NO;
				ENABLE_STRICT_OBJC_MSGSEND = YES;
				GCC_C_LANGUAGE_STANDARD = gnu11;
				GCC_NO_COMMON_BLOCKS = YES;
				GCC_WARN_64_TO_32_BIT_CONVERSION = YES;
				GCC_WARN_ABOUT_RETURN_TYPE = YES_ERROR;
				GCC_WARN_UNDECLARED_SELECTOR = YES;
				GCC_WARN_UNINITIALIZED_AUTOS = YES_AGGRESSIVE;
				GCC_WARN_UNUSED_FUNCTION = YES;
				GCC_WARN_UNUSED_VARIABLE = YES;
				IPHONEOS_DEPLOYMENT_TARGET = 13.0;
				MTL_ENABLE_DEBUG_INFO = NO;
				MTL_FAST_MATH = YES;
				SDKROOT = iphoneos;
				VALIDATE_PRODUCT = YES;
			};
			name = Release;
		};
		237AAD0423B60BFC00DDB949 /* Debug */ = {
			isa = XCBuildConfiguration;
			baseConfigurationReference = C7B5BA376CDA61808BF2911E /* Pods-ScrollableTab.debug.xcconfig */;
			buildSettings = {
				ASSETCATALOG_COMPILER_APPICON_NAME = AppIcon;
				CODE_SIGN_STYLE = Automatic;
				DEVELOPMENT_TEAM = WX3LDTEU9J;
				INFOPLIST_FILE = ScrollableTab/Info.plist;
				IPHONEOS_DEPLOYMENT_TARGET = 12.3;
				LD_RUNPATH_SEARCH_PATHS = (
					"$(inherited)",
					"@executable_path/Frameworks",
				);
				PRODUCT_BUNDLE_IDENTIFIER = "nawsusunyein-gmail.com.ScrollableTab";
				PRODUCT_NAME = "$(TARGET_NAME)";
				TARGETED_DEVICE_FAMILY = "1,2";
			};
			name = Debug;
		};
		237AAD0523B60BFC00DDB949 /* Release */ = {
			isa = XCBuildConfiguration;
			baseConfigurationReference = 60DD3995B317964C199CCE60 /* Pods-ScrollableTab.release.xcconfig */;
			buildSettings = {
				ASSETCATALOG_COMPILER_APPICON_NAME = AppIcon;
				CODE_SIGN_STYLE = Automatic;
				DEVELOPMENT_TEAM = WX3LDTEU9J;
				INFOPLIST_FILE = ScrollableTab/Info.plist;
				IPHONEOS_DEPLOYMENT_TARGET = 12.3;
				LD_RUNPATH_SEARCH_PATHS = (
					"$(inherited)",
					"@executable_path/Frameworks",
				);
				PRODUCT_BUNDLE_IDENTIFIER = "nawsusunyein-gmail.com.ScrollableTab";
				PRODUCT_NAME = "$(TARGET_NAME)";
				TARGETED_DEVICE_FAMILY = "1,2";
			};
			name = Release;
		};
		237AAD0723B60BFC00DDB949 /* Debug */ = {
			isa = XCBuildConfiguration;
			baseConfigurationReference = 050CD9A5EEF427F803FAD375 /* Pods-ScrollableTabTests.debug.xcconfig */;
			buildSettings = {
				BUNDLE_LOADER = "$(TEST_HOST)";
				CODE_SIGN_STYLE = Automatic;
				DEVELOPMENT_TEAM = WX3LDTEU9J;
				INFOPLIST_FILE = ScrollableTabTests/Info.plist;
				IPHONEOS_DEPLOYMENT_TARGET = 13.0;
				LD_RUNPATH_SEARCH_PATHS = (
					"$(inherited)",
					"@executable_path/Frameworks",
					"@loader_path/Frameworks",
				);
				PRODUCT_BUNDLE_IDENTIFIER = "nawsusunyein-gmail.com.ScrollableTabTests";
				PRODUCT_NAME = "$(TARGET_NAME)";
				TARGETED_DEVICE_FAMILY = "1,2";
				TEST_HOST = "$(BUILT_PRODUCTS_DIR)/ScrollableTab.app/ScrollableTab";
			};
			name = Debug;
		};
		237AAD0823B60BFC00DDB949 /* Release */ = {
			isa = XCBuildConfiguration;
			baseConfigurationReference = DA020A2475C21BBAABE6D778 /* Pods-ScrollableTabTests.release.xcconfig */;
			buildSettings = {
				BUNDLE_LOADER = "$(TEST_HOST)";
				CODE_SIGN_STYLE = Automatic;
				DEVELOPMENT_TEAM = WX3LDTEU9J;
				INFOPLIST_FILE = ScrollableTabTests/Info.plist;
				IPHONEOS_DEPLOYMENT_TARGET = 13.0;
				LD_RUNPATH_SEARCH_PATHS = (
					"$(inherited)",
					"@executable_path/Frameworks",
					"@loader_path/Frameworks",
				);
				PRODUCT_BUNDLE_IDENTIFIER = "nawsusunyein-gmail.com.ScrollableTabTests";
				PRODUCT_NAME = "$(TARGET_NAME)";
				TARGETED_DEVICE_FAMILY = "1,2";
				TEST_HOST = "$(BUILT_PRODUCTS_DIR)/ScrollableTab.app/ScrollableTab";
			};
			name = Release;
		};
		237AAD0A23B60BFC00DDB949 /* Debug */ = {
			isa = XCBuildConfiguration;
			baseConfigurationReference = DC4C3E34FE3A948A474E68DD /* Pods-ScrollableTab-ScrollableTabUITests.debug.xcconfig */;
			buildSettings = {
				CODE_SIGN_STYLE = Automatic;
				DEVELOPMENT_TEAM = WX3LDTEU9J;
				INFOPLIST_FILE = ScrollableTabUITests/Info.plist;
				LD_RUNPATH_SEARCH_PATHS = (
					"$(inherited)",
					"@executable_path/Frameworks",
					"@loader_path/Frameworks",
				);
				PRODUCT_BUNDLE_IDENTIFIER = "nawsusunyein-gmail.com.ScrollableTabUITests";
				PRODUCT_NAME = "$(TARGET_NAME)";
				TARGETED_DEVICE_FAMILY = "1,2";
				TEST_TARGET_NAME = ScrollableTab;
			};
			name = Debug;
		};
		237AAD0B23B60BFC00DDB949 /* Release */ = {
			isa = XCBuildConfiguration;
			baseConfigurationReference = 95CE78107F87A2D26B349B37 /* Pods-ScrollableTab-ScrollableTabUITests.release.xcconfig */;
			buildSettings = {
				CODE_SIGN_STYLE = Automatic;
				DEVELOPMENT_TEAM = WX3LDTEU9J;
				INFOPLIST_FILE = ScrollableTabUITests/Info.plist;
				LD_RUNPATH_SEARCH_PATHS = (
					"$(inherited)",
					"@executable_path/Frameworks",
					"@loader_path/Frameworks",
				);
				PRODUCT_BUNDLE_IDENTIFIER = "nawsusunyein-gmail.com.ScrollableTabUITests";
				PRODUCT_NAME = "$(TARGET_NAME)";
				TARGETED_DEVICE_FAMILY = "1,2";
				TEST_TARGET_NAME = ScrollableTab;
			};
			name = Release;
		};
/* End XCBuildConfiguration section */

/* Begin XCConfigurationList section */
		237AACCF23B60BF900DDB949 /* Build configuration list for PBXProject "ScrollableTab" */ = {
			isa = XCConfigurationList;
			buildConfigurations = (
				237AAD0123B60BFC00DDB949 /* Debug */,
				237AAD0223B60BFC00DDB949 /* Release */,
			);
			defaultConfigurationIsVisible = 0;
			defaultConfigurationName = Release;
		};
		237AAD0323B60BFC00DDB949 /* Build configuration list for PBXNativeTarget "ScrollableTab" */ = {
			isa = XCConfigurationList;
			buildConfigurations = (
				237AAD0423B60BFC00DDB949 /* Debug */,
				237AAD0523B60BFC00DDB949 /* Release */,
			);
			defaultConfigurationIsVisible = 0;
			defaultConfigurationName = Release;
		};
		237AAD0623B60BFC00DDB949 /* Build configuration list for PBXNativeTarget "ScrollableTabTests" */ = {
			isa = XCConfigurationList;
			buildConfigurations = (
				237AAD0723B60BFC00DDB949 /* Debug */,
				237AAD0823B60BFC00DDB949 /* Release */,
			);
			defaultConfigurationIsVisible = 0;
			defaultConfigurationName = Release;
		};
		237AAD0923B60BFC00DDB949 /* Build configuration list for PBXNativeTarget "ScrollableTabUITests" */ = {
			isa = XCConfigurationList;
			buildConfigurations = (
				237AAD0A23B60BFC00DDB949 /* Debug */,
				237AAD0B23B60BFC00DDB949 /* Release */,
			);
			defaultConfigurationIsVisible = 0;
			defaultConfigurationName = Release;
		};
/* End XCConfigurationList section */
	};
	rootObject = 237AACCC23B60BF900DDB949 /* Project object */;
}
